
Microsoft Visual Studio Solution File, Format Version 12.00
# Visual Studio 15
VisualStudioVersion = 15.0.26730.16
MinimumVisualStudioVersion = 10.0.40219.1
Project("{9A19103F-16F7-4668-BE54-9A1E7A4F7556}") = "Cake.Homebrew", "Cake.Homebrew\Cake.Homebrew.csproj", "{BCB038D3-B183-4343-BD05-5DF0B50B8B40}"
EndProject
Project("{2150E333-8FDC-42A3-9474-1A3956D46DE8}") = "src", "src", "{BEA195DC-883A-4F33-BD8A-57909DBAE58D}"
EndProject
Project("{2150E333-8FDC-42A3-9474-1A3956D46DE8}") = "test", "test", "{AC39707E-AC1F-4A75-A1C2-2EA47BD44CB9}"
EndProject
Project("{FAE04EC0-301F-11D3-BF4B-00C04F79EFBC}") = "Cake.Homebrew.Tests", "Cake.Homebrew.Tests\Cake.Homebrew.Tests.csproj", "{DEFDA079-6011-47E2-9D3E-626177F6BACC}"
EndProject
Project("{2150E333-8FDC-42A3-9474-1A3956D46DE8}") = "build", "build", "{E639D12C-5C73-415D-8D24-071D1321FA05}"
	ProjectSection(SolutionItems) = preProject
		..\.appveyor.yml = ..\.appveyor.yml
		..\.travis.yml = ..\.travis.yml
		..\build.ps1 = ..\build.ps1
		..\build.sh = ..\build.sh
		..\GitVersion.yml = ..\GitVersion.yml
		..\recipe.cake = ..\recipe.cake
	EndProjectSection
EndProject
Global
	GlobalSection(SolutionConfigurationPlatforms) = preSolution
		Debug|Any CPU = Debug|Any CPU
		Release|Any CPU = Release|Any CPU
	EndGlobalSection
	GlobalSection(ProjectConfigurationPlatforms) = postSolution
		{BCB038D3-B183-4343-BD05-5DF0B50B8B40}.Debug|Any CPU.ActiveCfg = Debug|Any CPU
		{BCB038D3-B183-4343-BD05-5DF0B50B8B40}.Debug|Any CPU.Build.0 = Debug|Any CPU
		{BCB038D3-B183-4343-BD05-5DF0B50B8B40}.Release|Any CPU.ActiveCfg = Release|Any CPU
		{BCB038D3-B183-4343-BD05-5DF0B50B8B40}.Release|Any CPU.Build.0 = Release|Any CPU
		{DEFDA079-6011-47E2-9D3E-626177F6BACC}.Debug|Any CPU.ActiveCfg = Debug|Any CPU
		{DEFDA079-6011-47E2-9D3E-626177F6BACC}.Debug|Any CPU.Build.0 = Debug|Any CPU
		{DEFDA079-6011-47E2-9D3E-626177F6BACC}.Release|Any CPU.ActiveCfg = Release|Any CPU
		{DEFDA079-6011-47E2-9D3E-626177F6BACC}.Release|Any CPU.Build.0 = Release|Any CPU
	EndGlobalSection
	GlobalSection(SolutionProperties) = preSolution
		HideSolutionNode = FALSE
	EndGlobalSection
	GlobalSection(NestedProjects) = preSolution
		{BCB038D3-B183-4343-BD05-5DF0B50B8B40} = {BEA195DC-883A-4F33-BD8A-57909DBAE58D}
		{DEFDA079-6011-47E2-9D3E-626177F6BACC} = {AC39707E-AC1F-4A75-A1C2-2EA47BD44CB9}
	EndGlobalSection
	GlobalSection(ExtensibilityGlobals) = postSolution
		SolutionGuid = {CE1F39AC-2636-4E4D-B4B0-452F2D5F5304}
	EndGlobalSection
EndGlobal
